
Microsoft Visual Studio Solution File, Format Version 12.00
Project("{FAE04EC0-301F-11D3-BF4B-00C04F79EFBC}") = "Uploader", "Uploader.csproj", "{FDCA708A-9A18-48B4-A7EA-D9D534D439C6}"
EndProject
Global
	GlobalSection(SolutionConfigurationPlatforms) = preSolution
		Debug|Any CPU = Debug|Any CPU
		Release|Any CPU = Release|Any CPU
	EndGlobalSection
	GlobalSection(ProjectConfigurationPlatforms) = postSolution
		{FDCA708A-9A18-48B4-A7EA-D9D534D439C6}.Debug|Any CPU.ActiveCfg = Debug|Any CPU
		{FDCA708A-9A18-48B4-A7EA-D9D534D439C6}.Debug|Any CPU.Build.0 = Debug|Any CPU
		{FDCA708A-9A18-48B4-A7EA-D9D534D439C6}.Release|Any CPU.ActiveCfg = Release|Any CPU
		{FDCA708A-9A18-48B4-A7EA-D9D534D439C6}.Release|Any CPU.Build.0 = Release|Any CPU
	EndGlobalSection
EndGlobal
