
Microsoft Visual Studio Solution File, Format Version 12.00
# Visual Studio Version 16
VisualStudioVersion = 16.0.29318.209
MinimumVisualStudioVersion = 10.0.40219.1
Project("{FAE04EC0-301F-11D3-BF4B-00C04F79EFBC}") = "notexplt", "notexplt.csproj", "{3630E516-5CF7-457A-AEEC-D9141AC7356F}"
EndProject
Global
	GlobalSection(SolutionConfigurationPlatforms) = preSolution
		Debug|Any CPU = Debug|Any CPU
		Release|Any CPU = Release|Any CPU
	EndGlobalSection
	GlobalSection(ProjectConfigurationPlatforms) = postSolution
		{3630E516-5CF7-457A-AEEC-D9141AC7356F}.Debug|Any CPU.ActiveCfg = Debug|Any CPU
		{3630E516-5CF7-457A-AEEC-D9141AC7356F}.Debug|Any CPU.Build.0 = Debug|Any CPU
		{3630E516-5CF7-457A-AEEC-D9141AC7356F}.Release|Any CPU.ActiveCfg = Release|Any CPU
		{3630E516-5CF7-457A-AEEC-D9141AC7356F}.Release|Any CPU.Build.0 = Release|Any CPU
	EndGlobalSection
	GlobalSection(SolutionProperties) = preSolution
		HideSolutionNode = FALSE
	EndGlobalSection
	GlobalSection(ExtensibilityGlobals) = postSolution
		SolutionGuid = {AFBA2F76-D3FF-4940-AFEB-45EA58E5236D}
	EndGlobalSection
EndGlobal
