
Microsoft Visual Studio Solution File, Format Version 12.00
# Visual Studio Version 16
VisualStudioVersion = 16.0.29009.5
MinimumVisualStudioVersion = 10.0.40219.1
Project("{FAE04EC0-301F-11D3-BF4B-00C04F79EFBC}") = "SPN", "SPN.csproj", "{1337AED7-3A42-4428-8F48-035930F8AC84}"
EndProject
Global
	GlobalSection(SolutionConfigurationPlatforms) = preSolution
		Debug|Any CPU = Debug|Any CPU
		Release|Any CPU = Release|Any CPU
	EndGlobalSection
	GlobalSection(ProjectConfigurationPlatforms) = postSolution
		{1337AED7-3A42-4428-8F48-035930F8AC84}.Debug|Any CPU.ActiveCfg = Debug|Any CPU
		{1337AED7-3A42-4428-8F48-035930F8AC84}.Debug|Any CPU.Build.0 = Debug|Any CPU
		{1337AED7-3A42-4428-8F48-035930F8AC84}.Release|Any CPU.ActiveCfg = Release|Any CPU
		{1337AED7-3A42-4428-8F48-035930F8AC84}.Release|Any CPU.Build.0 = Release|Any CPU
	EndGlobalSection
	GlobalSection(SolutionProperties) = preSolution
		HideSolutionNode = FALSE
	EndGlobalSection
	GlobalSection(ExtensibilityGlobals) = postSolution
		SolutionGuid = {C3E7EA96-EA2C-4538-BDFE-D157E718D270}
	EndGlobalSection
EndGlobal
